
Microsoft Visual Studio Solution File, Format Version 12.00
# Visual Studio Version 16
VisualStudioVersion = 16.0.30907.101
MinimumVisualStudioVersion = 10.0.40219.1
Project("{FAE04EC0-301F-11D3-BF4B-00C04F79EFBC}") = "RenoExpress", "RenoExpress.csproj", "{79754662-5A52-4C70-95FA-7BF6D802F80F}"
EndProject
Global
	GlobalSection(SolutionConfigurationPlatforms) = preSolution
		Debug|Any CPU = Debug|Any CPU
		Release|Any CPU = Release|Any CPU
	EndGlobalSection
	GlobalSection(ProjectConfigurationPlatforms) = postSolution
		{79754662-5A52-4C70-95FA-7BF6D802F80F}.Debug|Any CPU.ActiveCfg = Debug|Any CPU
		{79754662-5A52-4C70-95FA-7BF6D802F80F}.Debug|Any CPU.Build.0 = Debug|Any CPU
		{79754662-5A52-4C70-95FA-7BF6D802F80F}.Release|Any CPU.ActiveCfg = Release|Any CPU
		{79754662-5A52-4C70-95FA-7BF6D802F80F}.Release|Any CPU.Build.0 = Release|Any CPU
	EndGlobalSection
	GlobalSection(SolutionProperties) = preSolution
		HideSolutionNode = FALSE
	EndGlobalSection
	GlobalSection(ExtensibilityGlobals) = postSolution
		SolutionGuid = {4F808555-3BFF-4332-8D61-25BB2A36DB3E}
	EndGlobalSection
EndGlobal
